
Microsoft Visual Studio Solution File, Format Version 12.00
# Visual Studio Version 17
VisualStudioVersion = 17.7.34003.232
MinimumVisualStudioVersion = 10.0.40219.1
Project("{9A19103F-16F7-4668-BE54-9A1E7A4F7556}") = "AspNetworkTestTool", "AspNetworkTestTool\AspNetworkTestTool.csproj", "{4586A5FE-57D4-4F0C-9584-98287BA35283}"
EndProject
Global
	GlobalSection(SolutionConfigurationPlatforms) = preSolution
		Debug|Any CPU = Debug|Any CPU
		Release|Any CPU = Release|Any CPU
	EndGlobalSection
	GlobalSection(ProjectConfigurationPlatforms) = postSolution
		{4586A5FE-57D4-4F0C-9584-98287BA35283}.Debug|Any CPU.ActiveCfg = Debug|Any CPU
		{4586A5FE-57D4-4F0C-9584-98287BA35283}.Debug|Any CPU.Build.0 = Debug|Any CPU
		{4586A5FE-57D4-4F0C-9584-98287BA35283}.Release|Any CPU.ActiveCfg = Release|Any CPU
		{4586A5FE-57D4-4F0C-9584-98287BA35283}.Release|Any CPU.Build.0 = Release|Any CPU
	EndGlobalSection
	GlobalSection(SolutionProperties) = preSolution
		HideSolutionNode = FALSE
	EndGlobalSection
	GlobalSection(ExtensibilityGlobals) = postSolution
		SolutionGuid = {1AD2240A-C338-401C-B502-AEB3881D160A}
	EndGlobalSection
EndGlobal
